
Microsoft Visual Studio Solution File, Format Version 12.00
# Visual Studio Version 17
VisualStudioVersion = 17.14.36109.1
MinimumVisualStudioVersion = 10.0.40219.1
Project("{FAE04EC0-301F-11D3-BF4B-00C04F79EFBC}") = "C#-Day5", "C#-Day5\C#-Day5.csproj", "{CDCB10A4-7B56-49B5-9735-13929B4A7701}"
EndProject
Global
	GlobalSection(SolutionConfigurationPlatforms) = preSolution
		Debug|Any CPU = Debug|Any CPU
		Release|Any CPU = Release|Any CPU
	EndGlobalSection
	GlobalSection(ProjectConfigurationPlatforms) = postSolution
		{CDCB10A4-7B56-49B5-9735-13929B4A7701}.Debug|Any CPU.ActiveCfg = Debug|Any CPU
		{CDCB10A4-7B56-49B5-9735-13929B4A7701}.Debug|Any CPU.Build.0 = Debug|Any CPU
		{CDCB10A4-7B56-49B5-9735-13929B4A7701}.Release|Any CPU.ActiveCfg = Release|Any CPU
		{CDCB10A4-7B56-49B5-9735-13929B4A7701}.Release|Any CPU.Build.0 = Release|Any CPU
	EndGlobalSection
	GlobalSection(SolutionProperties) = preSolution
		HideSolutionNode = FALSE
	EndGlobalSection
	GlobalSection(ExtensibilityGlobals) = postSolution
		SolutionGuid = {0A4A3818-9C92-4DA7-89C4-6707CF64FA2F}
	EndGlobalSection
EndGlobal
