
Microsoft Visual Studio Solution File, Format Version 12.00
# Visual Studio Version 17
VisualStudioVersion = 17.14.36109.1 d17.14
MinimumVisualStudioVersion = 10.0.40219.1
Project("{FAE04EC0-301F-11D3-BF4B-00C04F79EFBC}") = "C#-Day4", "C#-Day4\C#-Day4.csproj", "{6C712822-68F1-4A97-A31F-5A096F1F5062}"
EndProject
Global
	GlobalSection(SolutionConfigurationPlatforms) = preSolution
		Debug|Any CPU = Debug|Any CPU
		Release|Any CPU = Release|Any CPU
	EndGlobalSection
	GlobalSection(ProjectConfigurationPlatforms) = postSolution
		{6C712822-68F1-4A97-A31F-5A096F1F5062}.Debug|Any CPU.ActiveCfg = Debug|Any CPU
		{6C712822-68F1-4A97-A31F-5A096F1F5062}.Debug|Any CPU.Build.0 = Debug|Any CPU
		{6C712822-68F1-4A97-A31F-5A096F1F5062}.Release|Any CPU.ActiveCfg = Release|Any CPU
		{6C712822-68F1-4A97-A31F-5A096F1F5062}.Release|Any CPU.Build.0 = Release|Any CPU
	EndGlobalSection
	GlobalSection(SolutionProperties) = preSolution
		HideSolutionNode = FALSE
	EndGlobalSection
	GlobalSection(ExtensibilityGlobals) = postSolution
		SolutionGuid = {A48E63D5-31E2-44D1-86A2-E969DF8F0D8E}
	EndGlobalSection
EndGlobal
