
Microsoft Visual Studio Solution File, Format Version 12.00
# Visual Studio Version 17
VisualStudioVersion = 17.14.36109.1 d17.14
MinimumVisualStudioVersion = 10.0.40219.1
Project("{FAE04EC0-301F-11D3-BF4B-00C04F79EFBC}") = "C#-Day1", "C#-Day1\C#-Day1.csproj", "{BC3F3D24-F535-48F6-B9A7-631C502931BD}"
EndProject
Global
	GlobalSection(SolutionConfigurationPlatforms) = preSolution
		Debug|Any CPU = Debug|Any CPU
		Release|Any CPU = Release|Any CPU
	EndGlobalSection
	GlobalSection(ProjectConfigurationPlatforms) = postSolution
		{BC3F3D24-F535-48F6-B9A7-631C502931BD}.Debug|Any CPU.ActiveCfg = Debug|Any CPU
		{BC3F3D24-F535-48F6-B9A7-631C502931BD}.Debug|Any CPU.Build.0 = Debug|Any CPU
		{BC3F3D24-F535-48F6-B9A7-631C502931BD}.Release|Any CPU.ActiveCfg = Release|Any CPU
		{BC3F3D24-F535-48F6-B9A7-631C502931BD}.Release|Any CPU.Build.0 = Release|Any CPU
	EndGlobalSection
	GlobalSection(SolutionProperties) = preSolution
		HideSolutionNode = FALSE
	EndGlobalSection
	GlobalSection(ExtensibilityGlobals) = postSolution
		SolutionGuid = {5133A965-EE3D-4EC3-815D-02DA7ADDA290}
	EndGlobalSection
EndGlobal
